
Microsoft Visual Studio Solution File, Format Version 12.00
# Visual Studio Version 17
VisualStudioVersion = 17.13.35931.197 d17.13
MinimumVisualStudioVersion = 10.0.40219.1
Project("{FAE04EC0-301F-11D3-BF4B-00C04F79EFBC}") = "XLabLesson2-2Classes", "XLabLesson2-2Classes.csproj", "{A73277A0-E07E-408C-8BE1-01C5837AF711}"
EndProject
Global
	GlobalSection(SolutionConfigurationPlatforms) = preSolution
		Debug|Any CPU = Debug|Any CPU
		Release|Any CPU = Release|Any CPU
	EndGlobalSection
	GlobalSection(ProjectConfigurationPlatforms) = postSolution
		{A73277A0-E07E-408C-8BE1-01C5837AF711}.Debug|Any CPU.ActiveCfg = Debug|Any CPU
		{A73277A0-E07E-408C-8BE1-01C5837AF711}.Debug|Any CPU.Build.0 = Debug|Any CPU
		{A73277A0-E07E-408C-8BE1-01C5837AF711}.Release|Any CPU.ActiveCfg = Release|Any CPU
		{A73277A0-E07E-408C-8BE1-01C5837AF711}.Release|Any CPU.Build.0 = Release|Any CPU
	EndGlobalSection
	GlobalSection(SolutionProperties) = preSolution
		HideSolutionNode = FALSE
	EndGlobalSection
	GlobalSection(ExtensibilityGlobals) = postSolution
		SolutionGuid = {D032D4A4-5D05-4A56-B37A-53715EF86ADA}
	EndGlobalSection
EndGlobal
